
Microsoft Visual Studio Solution File, Format Version 12.00
# Visual Studio Version 18
VisualStudioVersion = 18.1.11304.174 d18.0
MinimumVisualStudioVersion = 10.0.40219.1
Project("{FAE04EC0-301F-11D3-BF4B-00C04F79EFBC}") = "EventHandlerChecker", "EventHandlerChecker.csproj", "{F20ECE7B-0AA8-6E51-5D6C-192FCDAB9F1C}"
EndProject
Global
	GlobalSection(SolutionConfigurationPlatforms) = preSolution
		Debug|Any CPU = Debug|Any CPU
		Release|Any CPU = Release|Any CPU
	EndGlobalSection
	GlobalSection(ProjectConfigurationPlatforms) = postSolution
		{F20ECE7B-0AA8-6E51-5D6C-192FCDAB9F1C}.Debug|Any CPU.ActiveCfg = Debug|Any CPU
		{F20ECE7B-0AA8-6E51-5D6C-192FCDAB9F1C}.Debug|Any CPU.Build.0 = Debug|Any CPU
		{F20ECE7B-0AA8-6E51-5D6C-192FCDAB9F1C}.Release|Any CPU.ActiveCfg = Release|Any CPU
		{F20ECE7B-0AA8-6E51-5D6C-192FCDAB9F1C}.Release|Any CPU.Build.0 = Release|Any CPU
	EndGlobalSection
	GlobalSection(SolutionProperties) = preSolution
		HideSolutionNode = FALSE
	EndGlobalSection
	GlobalSection(ExtensibilityGlobals) = postSolution
		SolutionGuid = {760EF73D-E070-4E50-B27E-87D387326B54}
	EndGlobalSection
EndGlobal
